
Microsoft Visual Studio Solution File, Format Version 12.00
# Visual Studio Version 17
VisualStudioVersion = 17.12.35527.113 d17.12
MinimumVisualStudioVersion = 10.0.40219.1
Project("{FAE04EC0-301F-11D3-BF4B-00C04F79EFBC}") = "LinqLab", "LinqLab\LinqLab.csproj", "{3F5E8817-4FF2-4253-9E5E-DBA0B8455B8A}"
EndProject
Project("{FAE04EC0-301F-11D3-BF4B-00C04F79EFBC}") = "SeedData", "SeedData\SeedData.csproj", "{80ED344E-4FDC-4D20-8107-F96C249C1BB8}"
EndProject
Global
	GlobalSection(SolutionConfigurationPlatforms) = preSolution
		Debug|Any CPU = Debug|Any CPU
		Release|Any CPU = Release|Any CPU
	EndGlobalSection
	GlobalSection(ProjectConfigurationPlatforms) = postSolution
		{3F5E8817-4FF2-4253-9E5E-DBA0B8455B8A}.Debug|Any CPU.ActiveCfg = Debug|Any CPU
		{3F5E8817-4FF2-4253-9E5E-DBA0B8455B8A}.Debug|Any CPU.Build.0 = Debug|Any CPU
		{3F5E8817-4FF2-4253-9E5E-DBA0B8455B8A}.Release|Any CPU.ActiveCfg = Release|Any CPU
		{3F5E8817-4FF2-4253-9E5E-DBA0B8455B8A}.Release|Any CPU.Build.0 = Release|Any CPU
		{80ED344E-4FDC-4D20-8107-F96C249C1BB8}.Debug|Any CPU.ActiveCfg = Debug|Any CPU
		{80ED344E-4FDC-4D20-8107-F96C249C1BB8}.Debug|Any CPU.Build.0 = Debug|Any CPU
		{80ED344E-4FDC-4D20-8107-F96C249C1BB8}.Release|Any CPU.ActiveCfg = Release|Any CPU
		{80ED344E-4FDC-4D20-8107-F96C249C1BB8}.Release|Any CPU.Build.0 = Release|Any CPU
	EndGlobalSection
	GlobalSection(SolutionProperties) = preSolution
		HideSolutionNode = FALSE
	EndGlobalSection
EndGlobal
